
Microsoft Visual Studio Solution File, Format Version 12.00
# Visual Studio Version 16
VisualStudioVersion = 16.0.31005.135
MinimumVisualStudioVersion = 10.0.40219.1
Project("{FAE04EC0-301F-11D3-BF4B-00C04F79EFBC}") = "MvcKamp", "MvcKamp\MvcKamp.csproj", "{1D0D092E-BAA6-4936-A873-86E97FC2CA0D}"
EndProject
Project("{FAE04EC0-301F-11D3-BF4B-00C04F79EFBC}") = "EntityLayer", "EntityLayer\EntityLayer.csproj", "{36FFCEF6-F5E3-427B-BF30-0F6460BFE092}"
EndProject
Project("{FAE04EC0-301F-11D3-BF4B-00C04F79EFBC}") = "DataAccessLayer", "DataAccessLayer\DataAccessLayer.csproj", "{6BFA5BAE-8A57-4E09-BF41-063BFF96E8A1}"
EndProject
Project("{FAE04EC0-301F-11D3-BF4B-00C04F79EFBC}") = "BusinessLayer", "BusinessLayer\BusinessLayer.csproj", "{7E7245DD-3ACF-492E-9F63-A686A1A79780}"
EndProject
Global
	GlobalSection(SolutionConfigurationPlatforms) = preSolution
		Debug|Any CPU = Debug|Any CPU
		Release|Any CPU = Release|Any CPU
	EndGlobalSection
	GlobalSection(ProjectConfigurationPlatforms) = postSolution
		{1D0D092E-BAA6-4936-A873-86E97FC2CA0D}.Debug|Any CPU.ActiveCfg = Debug|Any CPU
		{1D0D092E-BAA6-4936-A873-86E97FC2CA0D}.Debug|Any CPU.Build.0 = Debug|Any CPU
		{1D0D092E-BAA6-4936-A873-86E97FC2CA0D}.Release|Any CPU.ActiveCfg = Release|Any CPU
		{1D0D092E-BAA6-4936-A873-86E97FC2CA0D}.Release|Any CPU.Build.0 = Release|Any CPU
		{36FFCEF6-F5E3-427B-BF30-0F6460BFE092}.Debug|Any CPU.ActiveCfg = Debug|Any CPU
		{36FFCEF6-F5E3-427B-BF30-0F6460BFE092}.Debug|Any CPU.Build.0 = Debug|Any CPU
		{36FFCEF6-F5E3-427B-BF30-0F6460BFE092}.Release|Any CPU.ActiveCfg = Release|Any CPU
		{36FFCEF6-F5E3-427B-BF30-0F6460BFE092}.Release|Any CPU.Build.0 = Release|Any CPU
		{6BFA5BAE-8A57-4E09-BF41-063BFF96E8A1}.Debug|Any CPU.ActiveCfg = Debug|Any CPU
		{6BFA5BAE-8A57-4E09-BF41-063BFF96E8A1}.Debug|Any CPU.Build.0 = Debug|Any CPU
		{6BFA5BAE-8A57-4E09-BF41-063BFF96E8A1}.Release|Any CPU.ActiveCfg = Release|Any CPU
		{6BFA5BAE-8A57-4E09-BF41-063BFF96E8A1}.Release|Any CPU.Build.0 = Release|Any CPU
		{7E7245DD-3ACF-492E-9F63-A686A1A79780}.Debug|Any CPU.ActiveCfg = Debug|Any CPU
		{7E7245DD-3ACF-492E-9F63-A686A1A79780}.Debug|Any CPU.Build.0 = Debug|Any CPU
		{7E7245DD-3ACF-492E-9F63-A686A1A79780}.Release|Any CPU.ActiveCfg = Release|Any CPU
		{7E7245DD-3ACF-492E-9F63-A686A1A79780}.Release|Any CPU.Build.0 = Release|Any CPU
	EndGlobalSection
	GlobalSection(SolutionProperties) = preSolution
		HideSolutionNode = FALSE
	EndGlobalSection
	GlobalSection(ExtensibilityGlobals) = postSolution
		SolutionGuid = {AD972A0F-0CD5-41F3-A7FD-51AAA0DC70F3}
	EndGlobalSection
EndGlobal
